
Microsoft Visual Studio Solution File, Format Version 12.00
# Visual Studio 15
VisualStudioVersion = 15.0.27703.2047
MinimumVisualStudioVersion = 10.0.40219.1
Project("{FAE04EC0-301F-11D3-BF4B-00C04F79EFBC}") = "EJ2Grid", "EJ2Grid\EJ2Grid.csproj", "{EB39C32D-13C5-4D3D-87CC-34C34BBDF833}"
EndProject
Global
	GlobalSection(SolutionConfigurationPlatforms) = preSolution
		Debug|Any CPU = Debug|Any CPU
		Release|Any CPU = Release|Any CPU
	EndGlobalSection
	GlobalSection(ProjectConfigurationPlatforms) = postSolution
		{EB39C32D-13C5-4D3D-87CC-34C34BBDF833}.Debug|Any CPU.ActiveCfg = Debug|Any CPU
		{EB39C32D-13C5-4D3D-87CC-34C34BBDF833}.Debug|Any CPU.Build.0 = Debug|Any CPU
		{EB39C32D-13C5-4D3D-87CC-34C34BBDF833}.Release|Any CPU.ActiveCfg = Release|Any CPU
		{EB39C32D-13C5-4D3D-87CC-34C34BBDF833}.Release|Any CPU.Build.0 = Release|Any CPU
	EndGlobalSection
	GlobalSection(SolutionProperties) = preSolution
		HideSolutionNode = FALSE
	EndGlobalSection
	GlobalSection(ExtensibilityGlobals) = postSolution
		SolutionGuid = {6C14058E-6A59-4769-8D84-DC4B18E93978}
	EndGlobalSection
EndGlobal
